
Microsoft Visual Studio Solution File, Format Version 12.00
# Visual Studio Version 16
VisualStudioVersion = 16.0.30011.22
MinimumVisualStudioVersion = 10.0.40219.1
Project("{9A19103F-16F7-4668-BE54-9A1E7A4F7556}") = "PetSoreApp", "PetSoreApp\PetSoreApp.csproj", "{79605DDC-9A55-41CB-8AD4-8BB8E4E52E4A}"
EndProject
Project("{00D1A9C2-B5F0-4AF3-8072-F6C62B433612}") = "PetSoreApp.Data", "PetSoreApp.Data\PetSoreApp.Data.sqlproj", "{7A0A1D8D-F2EB-4893-BC24-0BE7CF9A2D98}"
EndProject
Project("{FAE04EC0-301F-11D3-BF4B-00C04F79EFBC}") = "PetSoreApp.Test", "PetSoreApp.Test\PetSoreApp.Test.csproj", "{5A65987E-9A89-4D45-9C00-CF2A9BE3A770}"
EndProject
Global
	GlobalSection(SolutionConfigurationPlatforms) = preSolution
		Debug|Any CPU = Debug|Any CPU
		Release|Any CPU = Release|Any CPU
	EndGlobalSection
	GlobalSection(ProjectConfigurationPlatforms) = postSolution
		{79605DDC-9A55-41CB-8AD4-8BB8E4E52E4A}.Debug|Any CPU.ActiveCfg = Debug|Any CPU
		{79605DDC-9A55-41CB-8AD4-8BB8E4E52E4A}.Debug|Any CPU.Build.0 = Debug|Any CPU
		{79605DDC-9A55-41CB-8AD4-8BB8E4E52E4A}.Release|Any CPU.ActiveCfg = Release|Any CPU
		{79605DDC-9A55-41CB-8AD4-8BB8E4E52E4A}.Release|Any CPU.Build.0 = Release|Any CPU
		{7A0A1D8D-F2EB-4893-BC24-0BE7CF9A2D98}.Debug|Any CPU.ActiveCfg = Debug|Any CPU
		{7A0A1D8D-F2EB-4893-BC24-0BE7CF9A2D98}.Debug|Any CPU.Build.0 = Debug|Any CPU
		{7A0A1D8D-F2EB-4893-BC24-0BE7CF9A2D98}.Debug|Any CPU.Deploy.0 = Debug|Any CPU
		{7A0A1D8D-F2EB-4893-BC24-0BE7CF9A2D98}.Release|Any CPU.ActiveCfg = Release|Any CPU
		{7A0A1D8D-F2EB-4893-BC24-0BE7CF9A2D98}.Release|Any CPU.Build.0 = Release|Any CPU
		{7A0A1D8D-F2EB-4893-BC24-0BE7CF9A2D98}.Release|Any CPU.Deploy.0 = Release|Any CPU
		{5A65987E-9A89-4D45-9C00-CF2A9BE3A770}.Debug|Any CPU.ActiveCfg = Debug|Any CPU
		{5A65987E-9A89-4D45-9C00-CF2A9BE3A770}.Debug|Any CPU.Build.0 = Debug|Any CPU
		{5A65987E-9A89-4D45-9C00-CF2A9BE3A770}.Release|Any CPU.ActiveCfg = Release|Any CPU
		{5A65987E-9A89-4D45-9C00-CF2A9BE3A770}.Release|Any CPU.Build.0 = Release|Any CPU
	EndGlobalSection
	GlobalSection(SolutionProperties) = preSolution
		HideSolutionNode = FALSE
	EndGlobalSection
	GlobalSection(ExtensibilityGlobals) = postSolution
		SolutionGuid = {63946012-D381-4310-9C71-F15167A6E0B0}
	EndGlobalSection
EndGlobal
